// !$*UTF8*$!
{
	archiveVersion = 1;
	classes = {
	};
	objectVersion = 55;
	objects = {

/* Begin PBXBuildFile section */
		47BA03D0BAEB867458F205FF /* Pods_GitHubSearch.framework in Frameworks */ = {isa = PBXBuildFile; fileRef = DE13A37665B43E88D6AF22F5 /* Pods_GitHubSearch.framework */; };
		952A78D3285DC53300F4E57A /* AppDelegate.swift in Sources */ = {isa = PBXBuildFile; fileRef = 952A78D2285DC53300F4E57A /* AppDelegate.swift */; };
		952A78D5285DC53300F4E57A /* SceneDelegate.swift in Sources */ = {isa = PBXBuildFile; fileRef = 952A78D4285DC53300F4E57A /* SceneDelegate.swift */; };
		952A78DC285DC53500F4E57A /* Assets.xcassets in Resources */ = {isa = PBXBuildFile; fileRef = 952A78DB285DC53500F4E57A /* Assets.xcassets */; };
		952A78DF285DC53500F4E57A /* LaunchScreen.storyboard in Resources */ = {isa = PBXBuildFile; fileRef = 952A78DD285DC53500F4E57A /* LaunchScreen.storyboard */; };
		952A78E7285DC7D800F4E57A /* BaseNode.swift in Sources */ = {isa = PBXBuildFile; fileRef = 952A78E6285DC7D800F4E57A /* BaseNode.swift */; };
		952A78EE285DCA8900F4E57A /* AuthViewController.swift in Sources */ = {isa = PBXBuildFile; fileRef = 952A78ED285DCA8900F4E57A /* AuthViewController.swift */; };
		952A78F1285DCC3000F4E57A /* BaseCellNode.swift in Sources */ = {isa = PBXBuildFile; fileRef = 952A78F0285DCC3000F4E57A /* BaseCellNode.swift */; };
		952A78FB285DCF7400F4E57A /* Response.swift in Sources */ = {isa = PBXBuildFile; fileRef = 952A78FA285DCF7400F4E57A /* Response.swift */; };
		952A78FD285DCFE200F4E57A /* Item.swift in Sources */ = {isa = PBXBuildFile; fileRef = 952A78FC285DCFE200F4E57A /* Item.swift */; };
		952A7902285DD34A00F4E57A /* AuthViewModel.swift in Sources */ = {isa = PBXBuildFile; fileRef = 952A7901285DD34A00F4E57A /* AuthViewModel.swift */; };
		952A7905285DD3E800F4E57A /* WebService.swift in Sources */ = {isa = PBXBuildFile; fileRef = 952A7904285DD3E800F4E57A /* WebService.swift */; };
		952A7907285DD40800F4E57A /* Errors.swift in Sources */ = {isa = PBXBuildFile; fileRef = 952A7906285DD40800F4E57A /* Errors.swift */; };
		952A7909285DD4F300F4E57A /* Constants.swift in Sources */ = {isa = PBXBuildFile; fileRef = 952A7908285DD4F300F4E57A /* Constants.swift */; };
		952A7916285DE6FF00F4E57A /* HomeViewController.swift in Sources */ = {isa = PBXBuildFile; fileRef = 952A7915285DE6FF00F4E57A /* HomeViewController.swift */; };
		952A791A285DE81C00F4E57A /* HomePresentation.swift in Sources */ = {isa = PBXBuildFile; fileRef = 952A7919285DE81C00F4E57A /* HomePresentation.swift */; };
		952A791E285DE96200F4E57A /* RepositoriesFeedCell.swift in Sources */ = {isa = PBXBuildFile; fileRef = 952A791D285DE96200F4E57A /* RepositoriesFeedCell.swift */; };
		952A7920285DEF9600F4E57A /* HeaderNode.swift in Sources */ = {isa = PBXBuildFile; fileRef = 952A791F285DEF9600F4E57A /* HeaderNode.swift */; };
		952A7924285E44B900F4E57A /* DescriptionNode.swift in Sources */ = {isa = PBXBuildFile; fileRef = 952A7923285E44B900F4E57A /* DescriptionNode.swift */; };
		952A792A285E5C5100F4E57A /* SearchNode.swift in Sources */ = {isa = PBXBuildFile; fileRef = 952A7929285E5C5100F4E57A /* SearchNode.swift */; };
		952D74CA285F0E6E0098017F /* HomeViewModel.swift in Sources */ = {isa = PBXBuildFile; fileRef = 952D74C9285F0E6E0098017F /* HomeViewModel.swift */; };
		952D74CC285F14D70098017F /* Extensions.swift in Sources */ = {isa = PBXBuildFile; fileRef = 952D74CB285F14D70098017F /* Extensions.swift */; };
		952D74D4285F2A920098017F /* DetailViewController.swift in Sources */ = {isa = PBXBuildFile; fileRef = 952D74D3285F2A910098017F /* DetailViewController.swift */; };
		952D74D6285F2CD40098017F /* DetailViewModel.swift in Sources */ = {isa = PBXBuildFile; fileRef = 952D74D5285F2CD40098017F /* DetailViewModel.swift */; };
		952D74DB285F345F0098017F /* DetailPresentation.swift in Sources */ = {isa = PBXBuildFile; fileRef = 952D74DA285F345F0098017F /* DetailPresentation.swift */; };
		952D74DE285F36210098017F /* DetailCell.swift in Sources */ = {isa = PBXBuildFile; fileRef = 952D74DD285F36210098017F /* DetailCell.swift */; };
		952D74E0285F39960098017F /* RepositoryDetail.swift in Sources */ = {isa = PBXBuildFile; fileRef = 952D74DF285F39960098017F /* RepositoryDetail.swift */; };
		952D74E3285F3C6D0098017F /* StaticsNode.swift in Sources */ = {isa = PBXBuildFile; fileRef = 952D74E2285F3C6D0098017F /* StaticsNode.swift */; };
		952D74E5285F4C8D0098017F /* ReadMeNode.swift in Sources */ = {isa = PBXBuildFile; fileRef = 952D74E4285F4C8D0098017F /* ReadMeNode.swift */; };
		952D74E7285F58580098017F /* ReadMeCell.swift in Sources */ = {isa = PBXBuildFile; fileRef = 952D74E6285F58580098017F /* ReadMeCell.swift */; };
		952D74ED285F7D5D0098017F /* WebDisplay.swift in Sources */ = {isa = PBXBuildFile; fileRef = 952D74EC285F7D5D0098017F /* WebDisplay.swift */; };
		952D74F0285F92560098017F /* ProfilePresentation.swift in Sources */ = {isa = PBXBuildFile; fileRef = 952D74EF285F92560098017F /* ProfilePresentation.swift */; };
		952D74F3285FA1340098017F /* BaseViewController.swift in Sources */ = {isa = PBXBuildFile; fileRef = 952D74F2285FA1340098017F /* BaseViewController.swift */; };
/* End PBXBuildFile section */

/* Begin PBXFileReference section */
		952A78CF285DC53300F4E57A /* GitHubSearch.app */ = {isa = PBXFileReference; explicitFileType = wrapper.application; includeInIndex = 0; path = GitHubSearch.app; sourceTree = BUILT_PRODUCTS_DIR; };
		952A78D2285DC53300F4E57A /* AppDelegate.swift */ = {isa = PBXFileReference; lastKnownFileType = sourcecode.swift; path = AppDelegate.swift; sourceTree = "<group>"; };
		952A78D4285DC53300F4E57A /* SceneDelegate.swift */ = {isa = PBXFileReference; lastKnownFileType = sourcecode.swift; path = SceneDelegate.swift; sourceTree = "<group>"; };
		952A78DB285DC53500F4E57A /* Assets.xcassets */ = {isa = PBXFileReference; lastKnownFileType = folder.assetcatalog; path = Assets.xcassets; sourceTree = "<group>"; };
		952A78DE285DC53500F4E57A /* Base */ = {isa = PBXFileReference; lastKnownFileType = file.storyboard; name = Base; path = Base.lproj/LaunchScreen.storyboard; sourceTree = "<group>"; };
		952A78E0285DC53500F4E57A /* Info.plist */ = {isa = PBXFileReference; lastKnownFileType = text.plist.xml; path = Info.plist; sourceTree = "<group>"; };
		952A78E6285DC7D800F4E57A /* BaseNode.swift */ = {isa = PBXFileReference; lastKnownFileType = sourcecode.swift; path = BaseNode.swift; sourceTree = "<group>"; };
		952A78ED285DCA8900F4E57A /* AuthViewController.swift */ = {isa = PBXFileReference; lastKnownFileType = sourcecode.swift; path = AuthViewController.swift; sourceTree = "<group>"; };
		952A78F0285DCC3000F4E57A /* BaseCellNode.swift */ = {isa = PBXFileReference; lastKnownFileType = sourcecode.swift; path = BaseCellNode.swift; sourceTree = "<group>"; };
		952A78FA285DCF7400F4E57A /* Response.swift */ = {isa = PBXFileReference; lastKnownFileType = sourcecode.swift; path = Response.swift; sourceTree = "<group>"; };
		952A78FC285DCFE200F4E57A /* Item.swift */ = {isa = PBXFileReference; lastKnownFileType = sourcecode.swift; path = Item.swift; sourceTree = "<group>"; };
		952A7901285DD34A00F4E57A /* AuthViewModel.swift */ = {isa = PBXFileReference; lastKnownFileType = sourcecode.swift; path = AuthViewModel.swift; sourceTree = "<group>"; };
		952A7904285DD3E800F4E57A /* WebService.swift */ = {isa = PBXFileReference; lastKnownFileType = sourcecode.swift; path = WebService.swift; sourceTree = "<group>"; };
		952A7906285DD40800F4E57A /* Errors.swift */ = {isa = PBXFileReference; lastKnownFileType = sourcecode.swift; path = Errors.swift; sourceTree = "<group>"; };
		952A7908285DD4F300F4E57A /* Constants.swift */ = {isa = PBXFileReference; lastKnownFileType = sourcecode.swift; path = Constants.swift; sourceTree = "<group>"; };
		952A7915285DE6FF00F4E57A /* HomeViewController.swift */ = {isa = PBXFileReference; lastKnownFileType = sourcecode.swift; path = HomeViewController.swift; sourceTree = "<group>"; };
		952A7919285DE81C00F4E57A /* HomePresentation.swift */ = {isa = PBXFileReference; lastKnownFileType = sourcecode.swift; path = HomePresentation.swift; sourceTree = "<group>"; };
		952A791D285DE96200F4E57A /* RepositoriesFeedCell.swift */ = {isa = PBXFileReference; lastKnownFileType = sourcecode.swift; path = RepositoriesFeedCell.swift; sourceTree = "<group>"; };
		952A791F285DEF9600F4E57A /* HeaderNode.swift */ = {isa = PBXFileReference; lastKnownFileType = sourcecode.swift; path = HeaderNode.swift; sourceTree = "<group>"; };
		952A7923285E44B900F4E57A /* DescriptionNode.swift */ = {isa = PBXFileReference; lastKnownFileType = sourcecode.swift; path = DescriptionNode.swift; sourceTree = "<group>"; };
		952A7929285E5C5100F4E57A /* SearchNode.swift */ = {isa = PBXFileReference; lastKnownFileType = sourcecode.swift; path = SearchNode.swift; sourceTree = "<group>"; };
		952D74C9285F0E6E0098017F /* HomeViewModel.swift */ = {isa = PBXFileReference; lastKnownFileType = sourcecode.swift; path = HomeViewModel.swift; sourceTree = "<group>"; };
		952D74CB285F14D70098017F /* Extensions.swift */ = {isa = PBXFileReference; lastKnownFileType = sourcecode.swift; path = Extensions.swift; sourceTree = "<group>"; };
		952D74D3285F2A910098017F /* DetailViewController.swift */ = {isa = PBXFileReference; lastKnownFileType = sourcecode.swift; path = DetailViewController.swift; sourceTree = "<group>"; };
		952D74D5285F2CD40098017F /* DetailViewModel.swift */ = {isa = PBXFileReference; lastKnownFileType = sourcecode.swift; path = DetailViewModel.swift; sourceTree = "<group>"; };
		952D74DA285F345F0098017F /* DetailPresentation.swift */ = {isa = PBXFileReference; lastKnownFileType = sourcecode.swift; path = DetailPresentation.swift; sourceTree = "<group>"; };
		952D74DD285F36210098017F /* DetailCell.swift */ = {isa = PBXFileReference; lastKnownFileType = sourcecode.swift; path = DetailCell.swift; sourceTree = "<group>"; };
		952D74DF285F39960098017F /* RepositoryDetail.swift */ = {isa = PBXFileReference; lastKnownFileType = sourcecode.swift; path = RepositoryDetail.swift; sourceTree = "<group>"; };
		952D74E2285F3C6D0098017F /* StaticsNode.swift */ = {isa = PBXFileReference; lastKnownFileType = sourcecode.swift; path = StaticsNode.swift; sourceTree = "<group>"; };
		952D74E4285F4C8D0098017F /* ReadMeNode.swift */ = {isa = PBXFileReference; lastKnownFileType = sourcecode.swift; path = ReadMeNode.swift; sourceTree = "<group>"; };
		952D74E6285F58580098017F /* ReadMeCell.swift */ = {isa = PBXFileReference; lastKnownFileType = sourcecode.swift; path = ReadMeCell.swift; sourceTree = "<group>"; };
		952D74EC285F7D5D0098017F /* WebDisplay.swift */ = {isa = PBXFileReference; lastKnownFileType = sourcecode.swift; path = WebDisplay.swift; sourceTree = "<group>"; };
		952D74EF285F92560098017F /* ProfilePresentation.swift */ = {isa = PBXFileReference; lastKnownFileType = sourcecode.swift; path = ProfilePresentation.swift; sourceTree = "<group>"; };
		952D74F2285FA1340098017F /* BaseViewController.swift */ = {isa = PBXFileReference; lastKnownFileType = sourcecode.swift; path = BaseViewController.swift; sourceTree = "<group>"; };
		98B5C02886DFF657D5B0F3A6 /* Pods-GitHubSearch.debug.xcconfig */ = {isa = PBXFileReference; includeInIndex = 1; lastKnownFileType = text.xcconfig; name = "Pods-GitHubSearch.debug.xcconfig"; path = "Target Support Files/Pods-GitHubSearch/Pods-GitHubSearch.debug.xcconfig"; sourceTree = "<group>"; };
		D9322ED071FA99BE3E5B9726 /* Pods-GitHubSearch.release.xcconfig */ = {isa = PBXFileReference; includeInIndex = 1; lastKnownFileType = text.xcconfig; name = "Pods-GitHubSearch.release.xcconfig"; path = "Target Support Files/Pods-GitHubSearch/Pods-GitHubSearch.release.xcconfig"; sourceTree = "<group>"; };
		DE13A37665B43E88D6AF22F5 /* Pods_GitHubSearch.framework */ = {isa = PBXFileReference; explicitFileType = wrapper.framework; includeInIndex = 0; path = Pods_GitHubSearch.framework; sourceTree = BUILT_PRODUCTS_DIR; };
/* End PBXFileReference section */

/* Begin PBXFrameworksBuildPhase section */
		952A78CC285DC53300F4E57A /* Frameworks */ = {
			isa = PBXFrameworksBuildPhase;
			buildActionMask = 2147483647;
			files = (
				47BA03D0BAEB867458F205FF /* Pods_GitHubSearch.framework in Frameworks */,
			);
			runOnlyForDeploymentPostprocessing = 0;
		};
/* End PBXFrameworksBuildPhase section */

/* Begin PBXGroup section */
		11D428964F21025F16C1F826 /* Frameworks */ = {
			isa = PBXGroup;
			children = (
				DE13A37665B43E88D6AF22F5 /* Pods_GitHubSearch.framework */,
			);
			name = Frameworks;
			sourceTree = "<group>";
		};
		748D7E454ED76078F22F2202 /* Pods */ = {
			isa = PBXGroup;
			children = (
				98B5C02886DFF657D5B0F3A6 /* Pods-GitHubSearch.debug.xcconfig */,
				D9322ED071FA99BE3E5B9726 /* Pods-GitHubSearch.release.xcconfig */,
			);
			path = Pods;
			sourceTree = "<group>";
		};
		952A78C6285DC53300F4E57A = {
			isa = PBXGroup;
			children = (
				952A78D1285DC53300F4E57A /* GitHubSearch */,
				952A78D0285DC53300F4E57A /* Products */,
				748D7E454ED76078F22F2202 /* Pods */,
				11D428964F21025F16C1F826 /* Frameworks */,
			);
			sourceTree = "<group>";
		};
		952A78D0285DC53300F4E57A /* Products */ = {
			isa = PBXGroup;
			children = (
				952A78CF285DC53300F4E57A /* GitHubSearch.app */,
			);
			name = Products;
			sourceTree = "<group>";
		};
		952A78D1285DC53300F4E57A /* GitHubSearch */ = {
			isa = PBXGroup;
			children = (
				952A78E0285DC53500F4E57A /* Info.plist */,
				952A78E9285DC8B600F4E57A /* Core */,
				952A78F2285DCC6300F4E57A /* Home */,
				952D74CF285F2A720098017F /* Detail */,
				952A78F3285DCC6700F4E57A /* Authorization */,
				952A7903285DD3DD00F4E57A /* Utilities */,
				952A78E8285DC8A300F4E57A /* Resources */,
			);
			path = GitHubSearch;
			sourceTree = "<group>";
		};
		952A78E8285DC8A300F4E57A /* Resources */ = {
			isa = PBXGroup;
			children = (
				952A78D2285DC53300F4E57A /* AppDelegate.swift */,
				952A78D4285DC53300F4E57A /* SceneDelegate.swift */,
				952A78DB285DC53500F4E57A /* Assets.xcassets */,
				952A78DD285DC53500F4E57A /* LaunchScreen.storyboard */,
			);
			path = Resources;
			sourceTree = "<group>";
		};
		952A78E9285DC8B600F4E57A /* Core */ = {
			isa = PBXGroup;
			children = (
				952D74F1285FA1220098017F /* BaseViewController */,
				952A78FE285DD00300F4E57A /* BaseModel */,
				952A78EF285DCC1600F4E57A /* BaseNodes */,
			);
			path = Core;
			sourceTree = "<group>";
		};
		952A78EF285DCC1600F4E57A /* BaseNodes */ = {
			isa = PBXGroup;
			children = (
				952A78E6285DC7D800F4E57A /* BaseNode.swift */,
				952A78F0285DCC3000F4E57A /* BaseCellNode.swift */,
			);
			path = BaseNodes;
			sourceTree = "<group>";
		};
		952A78F2285DCC6300F4E57A /* Home */ = {
			isa = PBXGroup;
			children = (
				952A78F9285DCCD100F4E57A /* Model */,
				952A78F8285DCCB900F4E57A /* View */,
				952A7918285DE7FA00F4E57A /* Presentation */,
				952D74CD285F15290098017F /* ViewModel */,
				952D74CE285F1C100098017F /* Cells */,
				952A790C285DD91600F4E57A /* Nodes */,
			);
			path = Home;
			sourceTree = "<group>";
		};
		952A78F3285DCC6700F4E57A /* Authorization */ = {
			isa = PBXGroup;
			children = (
				952A78F6285DCCA900F4E57A /* Model */,
				952A78F4285DCC9100F4E57A /* View */,
				952D74EE285F8BFD0098017F /* Presentation */,
				952A78F5285DCC9F00F4E57A /* ViewModel */,
			);
			path = Authorization;
			sourceTree = "<group>";
		};
		952A78F4285DCC9100F4E57A /* View */ = {
			isa = PBXGroup;
			children = (
				952A78ED285DCA8900F4E57A /* AuthViewController.swift */,
			);
			path = View;
			sourceTree = "<group>";
		};
		952A78F5285DCC9F00F4E57A /* ViewModel */ = {
			isa = PBXGroup;
			children = (
				952A7901285DD34A00F4E57A /* AuthViewModel.swift */,
			);
			path = ViewModel;
			sourceTree = "<group>";
		};
		952A78F6285DCCA900F4E57A /* Model */ = {
			isa = PBXGroup;
			children = (
			);
			path = Model;
			sourceTree = "<group>";
		};
		952A78F8285DCCB900F4E57A /* View */ = {
			isa = PBXGroup;
			children = (
				952A7915285DE6FF00F4E57A /* HomeViewController.swift */,
			);
			path = View;
			sourceTree = "<group>";
		};
		952A78F9285DCCD100F4E57A /* Model */ = {
			isa = PBXGroup;
			children = (
				952A78FC285DCFE200F4E57A /* Item.swift */,
			);
			path = Model;
			sourceTree = "<group>";
		};
		952A78FE285DD00300F4E57A /* BaseModel */ = {
			isa = PBXGroup;
			children = (
				952A78FA285DCF7400F4E57A /* Response.swift */,
			);
			path = BaseModel;
			sourceTree = "<group>";
		};
		952A7903285DD3DD00F4E57A /* Utilities */ = {
			isa = PBXGroup;
			children = (
				952A7904285DD3E800F4E57A /* WebService.swift */,
				952A7906285DD40800F4E57A /* Errors.swift */,
				952A7908285DD4F300F4E57A /* Constants.swift */,
				952D74CB285F14D70098017F /* Extensions.swift */,
			);
			path = Utilities;
			sourceTree = "<group>";
		};
		952A790C285DD91600F4E57A /* Nodes */ = {
			isa = PBXGroup;
			children = (
				952A791F285DEF9600F4E57A /* HeaderNode.swift */,
				952A7923285E44B900F4E57A /* DescriptionNode.swift */,
				952A7929285E5C5100F4E57A /* SearchNode.swift */,
			);
			path = Nodes;
			sourceTree = "<group>";
		};
		952A7918285DE7FA00F4E57A /* Presentation */ = {
			isa = PBXGroup;
			children = (
				952A7919285DE81C00F4E57A /* HomePresentation.swift */,
			);
			path = Presentation;
			sourceTree = "<group>";
		};
		952D74CD285F15290098017F /* ViewModel */ = {
			isa = PBXGroup;
			children = (
				952D74C9285F0E6E0098017F /* HomeViewModel.swift */,
			);
			path = ViewModel;
			sourceTree = "<group>";
		};
		952D74CE285F1C100098017F /* Cells */ = {
			isa = PBXGroup;
			children = (
				952A791D285DE96200F4E57A /* RepositoriesFeedCell.swift */,
			);
			path = Cells;
			sourceTree = "<group>";
		};
		952D74CF285F2A720098017F /* Detail */ = {
			isa = PBXGroup;
			children = (
				952D74D2285F2A880098017F /* Model */,
				952D74D1285F2A820098017F /* View */,
				952D74D9285F34520098017F /* Presentation */,
				952D74D0285F2A7A0098017F /* ViewModel */,
				952D74DC285F360E0098017F /* Cells */,
				952D74E1285F3C110098017F /* Nodes */,
			);
			path = Detail;
			sourceTree = "<group>";
		};
		952D74D0285F2A7A0098017F /* ViewModel */ = {
			isa = PBXGroup;
			children = (
				952D74D5285F2CD40098017F /* DetailViewModel.swift */,
			);
			path = ViewModel;
			sourceTree = "<group>";
		};
		952D74D1285F2A820098017F /* View */ = {
			isa = PBXGroup;
			children = (
				952D74D3285F2A910098017F /* DetailViewController.swift */,
			);
			path = View;
			sourceTree = "<group>";
		};
		952D74D2285F2A880098017F /* Model */ = {
			isa = PBXGroup;
			children = (
				952D74DF285F39960098017F /* RepositoryDetail.swift */,
			);
			path = Model;
			sourceTree = "<group>";
		};
		952D74D9285F34520098017F /* Presentation */ = {
			isa = PBXGroup;
			children = (
				952D74DA285F345F0098017F /* DetailPresentation.swift */,
			);
			path = Presentation;
			sourceTree = "<group>";
		};
		952D74DC285F360E0098017F /* Cells */ = {
			isa = PBXGroup;
			children = (
				952D74DD285F36210098017F /* DetailCell.swift */,
				952D74E6285F58580098017F /* ReadMeCell.swift */,
			);
			path = Cells;
			sourceTree = "<group>";
		};
		952D74E1285F3C110098017F /* Nodes */ = {
			isa = PBXGroup;
			children = (
				952D74E2285F3C6D0098017F /* StaticsNode.swift */,
				952D74E4285F4C8D0098017F /* ReadMeNode.swift */,
			);
			path = Nodes;
			sourceTree = "<group>";
		};
		952D74EE285F8BFD0098017F /* Presentation */ = {
			isa = PBXGroup;
			children = (
				952D74EC285F7D5D0098017F /* WebDisplay.swift */,
				952D74EF285F92560098017F /* ProfilePresentation.swift */,
			);
			path = Presentation;
			sourceTree = "<group>";
		};
		952D74F1285FA1220098017F /* BaseViewController */ = {
			isa = PBXGroup;
			children = (
				952D74F2285FA1340098017F /* BaseViewController.swift */,
			);
			path = BaseViewController;
			sourceTree = "<group>";
		};
/* End PBXGroup section */

/* Begin PBXNativeTarget section */
		952A78CE285DC53300F4E57A /* GitHubSearch */ = {
			isa = PBXNativeTarget;
			buildConfigurationList = 952A78E3285DC53500F4E57A /* Build configuration list for PBXNativeTarget "GitHubSearch" */;
			buildPhases = (
				198F8B3C772C1D903F99A8DA /* [CP] Check Pods Manifest.lock */,
				952A78CB285DC53300F4E57A /* Sources */,
				952A78CC285DC53300F4E57A /* Frameworks */,
				952A78CD285DC53300F4E57A /* Resources */,
				94484313541ECDC9BC523DCF /* [CP] Embed Pods Frameworks */,
			);
			buildRules = (
			);
			dependencies = (
			);
			name = GitHubSearch;
			productName = GitHubSearch;
			productReference = 952A78CF285DC53300F4E57A /* GitHubSearch.app */;
			productType = "com.apple.product-type.application";
		};
/* End PBXNativeTarget section */

/* Begin PBXProject section */
		952A78C7285DC53300F4E57A /* Project object */ = {
			isa = PBXProject;
			attributes = {
				BuildIndependentTargetsInParallel = 1;
				LastSwiftUpdateCheck = 1340;
				LastUpgradeCheck = 1340;
				TargetAttributes = {
					952A78CE285DC53300F4E57A = {
						CreatedOnToolsVersion = 13.4.1;
					};
				};
			};
			buildConfigurationList = 952A78CA285DC53300F4E57A /* Build configuration list for PBXProject "GitHubSearch" */;
			compatibilityVersion = "Xcode 13.0";
			developmentRegion = en;
			hasScannedForEncodings = 0;
			knownRegions = (
				en,
				Base,
			);
			mainGroup = 952A78C6285DC53300F4E57A;
			productRefGroup = 952A78D0285DC53300F4E57A /* Products */;
			projectDirPath = "";
			projectRoot = "";
			targets = (
				952A78CE285DC53300F4E57A /* GitHubSearch */,
			);
		};
/* End PBXProject section */

/* Begin PBXResourcesBuildPhase section */
		952A78CD285DC53300F4E57A /* Resources */ = {
			isa = PBXResourcesBuildPhase;
			buildActionMask = 2147483647;
			files = (
				952A78DF285DC53500F4E57A /* LaunchScreen.storyboard in Resources */,
				952A78DC285DC53500F4E57A /* Assets.xcassets in Resources */,
			);
			runOnlyForDeploymentPostprocessing = 0;
		};
/* End PBXResourcesBuildPhase section */

/* Begin PBXShellScriptBuildPhase section */
		198F8B3C772C1D903F99A8DA /* [CP] Check Pods Manifest.lock */ = {
			isa = PBXShellScriptBuildPhase;
			buildActionMask = 2147483647;
			files = (
			);
			inputFileListPaths = (
			);
			inputPaths = (
				"${PODS_PODFILE_DIR_PATH}/Podfile.lock",
				"${PODS_ROOT}/Manifest.lock",
			);
			name = "[CP] Check Pods Manifest.lock";
			outputFileListPaths = (
			);
			outputPaths = (
				"$(DERIVED_FILE_DIR)/Pods-GitHubSearch-checkManifestLockResult.txt",
			);
			runOnlyForDeploymentPostprocessing = 0;
			shellPath = /bin/sh;
			shellScript = "diff \"${PODS_PODFILE_DIR_PATH}/Podfile.lock\" \"${PODS_ROOT}/Manifest.lock\" > /dev/null\nif [ $? != 0 ] ; then\n    # print error to STDERR\n    echo \"error: The sandbox is not in sync with the Podfile.lock. Run 'pod install' or update your CocoaPods installation.\" >&2\n    exit 1\nfi\n# This output is used by Xcode 'outputs' to avoid re-running this script phase.\necho \"SUCCESS\" > \"${SCRIPT_OUTPUT_FILE_0}\"\n";
			showEnvVarsInLog = 0;
		};
		94484313541ECDC9BC523DCF /* [CP] Embed Pods Frameworks */ = {
			isa = PBXShellScriptBuildPhase;
			buildActionMask = 2147483647;
			files = (
			);
			inputFileListPaths = (
				"${PODS_ROOT}/Target Support Files/Pods-GitHubSearch/Pods-GitHubSearch-frameworks-${CONFIGURATION}-input-files.xcfilelist",
			);
			name = "[CP] Embed Pods Frameworks";
			outputFileListPaths = (
				"${PODS_ROOT}/Target Support Files/Pods-GitHubSearch/Pods-GitHubSearch-frameworks-${CONFIGURATION}-output-files.xcfilelist",
			);
			runOnlyForDeploymentPostprocessing = 0;
			shellPath = /bin/sh;
			shellScript = "\"${PODS_ROOT}/Target Support Files/Pods-GitHubSearch/Pods-GitHubSearch-frameworks.sh\"\n";
			showEnvVarsInLog = 0;
		};
/* End PBXShellScriptBuildPhase section */

/* Begin PBXSourcesBuildPhase section */
		952A78CB285DC53300F4E57A /* Sources */ = {
			isa = PBXSourcesBuildPhase;
			buildActionMask = 2147483647;
			files = (
				952A78FB285DCF7400F4E57A /* Response.swift in Sources */,
				952A791E285DE96200F4E57A /* RepositoriesFeedCell.swift in Sources */,
				952D74DE285F36210098017F /* DetailCell.swift in Sources */,
				952D74E5285F4C8D0098017F /* ReadMeNode.swift in Sources */,
				952A78FD285DCFE200F4E57A /* Item.swift in Sources */,
				952D74F3285FA1340098017F /* BaseViewController.swift in Sources */,
				952A78F1285DCC3000F4E57A /* BaseCellNode.swift in Sources */,
				952A78EE285DCA8900F4E57A /* AuthViewController.swift in Sources */,
				952A7920285DEF9600F4E57A /* HeaderNode.swift in Sources */,
				952A791A285DE81C00F4E57A /* HomePresentation.swift in Sources */,
				952A7905285DD3E800F4E57A /* WebService.swift in Sources */,
				952A7907285DD40800F4E57A /* Errors.swift in Sources */,
				952A78D3285DC53300F4E57A /* AppDelegate.swift in Sources */,
				952A7902285DD34A00F4E57A /* AuthViewModel.swift in Sources */,
				952D74D6285F2CD40098017F /* DetailViewModel.swift in Sources */,
				952D74D4285F2A920098017F /* DetailViewController.swift in Sources */,
				952A792A285E5C5100F4E57A /* SearchNode.swift in Sources */,
				952D74E7285F58580098017F /* ReadMeCell.swift in Sources */,
				952D74E0285F39960098017F /* RepositoryDetail.swift in Sources */,
				952D74CC285F14D70098017F /* Extensions.swift in Sources */,
				952D74DB285F345F0098017F /* DetailPresentation.swift in Sources */,
				952D74F0285F92560098017F /* ProfilePresentation.swift in Sources */,
				952A7924285E44B900F4E57A /* DescriptionNode.swift in Sources */,
				952A7909285DD4F300F4E57A /* Constants.swift in Sources */,
				952D74CA285F0E6E0098017F /* HomeViewModel.swift in Sources */,
				952D74ED285F7D5D0098017F /* WebDisplay.swift in Sources */,
				952A78E7285DC7D800F4E57A /* BaseNode.swift in Sources */,
				952A7916285DE6FF00F4E57A /* HomeViewController.swift in Sources */,
				952A78D5285DC53300F4E57A /* SceneDelegate.swift in Sources */,
				952D74E3285F3C6D0098017F /* StaticsNode.swift in Sources */,
			);
			runOnlyForDeploymentPostprocessing = 0;
		};
/* End PBXSourcesBuildPhase section */

/* Begin PBXVariantGroup section */
		952A78DD285DC53500F4E57A /* LaunchScreen.storyboard */ = {
			isa = PBXVariantGroup;
			children = (
				952A78DE285DC53500F4E57A /* Base */,
			);
			name = LaunchScreen.storyboard;
			sourceTree = "<group>";
		};
/* End PBXVariantGroup section */

/* Begin XCBuildConfiguration section */
		952A78E1285DC53500F4E57A /* Debug */ = {
			isa = XCBuildConfiguration;
			buildSettings = {
				ALWAYS_SEARCH_USER_PATHS = NO;
				CLANG_ANALYZER_NONNULL = YES;
				CLANG_ANALYZER_NUMBER_OBJECT_CONVERSION = YES_AGGRESSIVE;
				CLANG_CXX_LANGUAGE_STANDARD = "gnu++17";
				CLANG_ENABLE_MODULES = YES;
				CLANG_ENABLE_OBJC_ARC = YES;
				CLANG_ENABLE_OBJC_WEAK = YES;
				CLANG_WARN_BLOCK_CAPTURE_AUTORELEASING = YES;
				CLANG_WARN_BOOL_CONVERSION = YES;
				CLANG_WARN_COMMA = YES;
				CLANG_WARN_CONSTANT_CONVERSION = YES;
				CLANG_WARN_DEPRECATED_OBJC_IMPLEMENTATIONS = YES;
				CLANG_WARN_DIRECT_OBJC_ISA_USAGE = YES_ERROR;
				CLANG_WARN_DOCUMENTATION_COMMENTS = YES;
				CLANG_WARN_EMPTY_BODY = YES;
				CLANG_WARN_ENUM_CONVERSION = YES;
				CLANG_WARN_INFINITE_RECURSION = YES;
				CLANG_WARN_INT_CONVERSION = YES;
				CLANG_WARN_NON_LITERAL_NULL_CONVERSION = YES;
				CLANG_WARN_OBJC_IMPLICIT_RETAIN_SELF = YES;
				CLANG_WARN_OBJC_LITERAL_CONVERSION = YES;
				CLANG_WARN_OBJC_ROOT_CLASS = YES_ERROR;
				CLANG_WARN_QUOTED_INCLUDE_IN_FRAMEWORK_HEADER = YES;
				CLANG_WARN_RANGE_LOOP_ANALYSIS = YES;
				CLANG_WARN_STRICT_PROTOTYPES = YES;
				CLANG_WARN_SUSPICIOUS_MOVE = YES;
				CLANG_WARN_UNGUARDED_AVAILABILITY = YES_AGGRESSIVE;
				CLANG_WARN_UNREACHABLE_CODE = YES;
				CLANG_WARN__DUPLICATE_METHOD_MATCH = YES;
				COPY_PHASE_STRIP = NO;
				DEBUG_INFORMATION_FORMAT = dwarf;
				ENABLE_STRICT_OBJC_MSGSEND = YES;
				ENABLE_TESTABILITY = YES;
				GCC_C_LANGUAGE_STANDARD = gnu11;
				GCC_DYNAMIC_NO_PIC = NO;
				GCC_NO_COMMON_BLOCKS = YES;
				GCC_OPTIMIZATION_LEVEL = 0;
				GCC_PREPROCESSOR_DEFINITIONS = (
					"DEBUG=1",
					"$(inherited)",
				);
				GCC_WARN_64_TO_32_BIT_CONVERSION = YES;
				GCC_WARN_ABOUT_RETURN_TYPE = YES_ERROR;
				GCC_WARN_UNDECLARED_SELECTOR = YES;
				GCC_WARN_UNINITIALIZED_AUTOS = YES_AGGRESSIVE;
				GCC_WARN_UNUSED_FUNCTION = YES;
				GCC_WARN_UNUSED_VARIABLE = YES;
				IPHONEOS_DEPLOYMENT_TARGET = 13.0;
				MTL_ENABLE_DEBUG_INFO = INCLUDE_SOURCE;
				MTL_FAST_MATH = YES;
				ONLY_ACTIVE_ARCH = YES;
				SDKROOT = iphoneos;
				SWIFT_ACTIVE_COMPILATION_CONDITIONS = DEBUG;
				SWIFT_OPTIMIZATION_LEVEL = "-Onone";
			};
			name = Debug;
		};
		952A78E2285DC53500F4E57A /* Release */ = {
			isa = XCBuildConfiguration;
			buildSettings = {
				ALWAYS_SEARCH_USER_PATHS = NO;
				CLANG_ANALYZER_NONNULL = YES;
				CLANG_ANALYZER_NUMBER_OBJECT_CONVERSION = YES_AGGRESSIVE;
				CLANG_CXX_LANGUAGE_STANDARD = "gnu++17";
				CLANG_ENABLE_MODULES = YES;
				CLANG_ENABLE_OBJC_ARC = YES;
				CLANG_ENABLE_OBJC_WEAK = YES;
				CLANG_WARN_BLOCK_CAPTURE_AUTORELEASING = YES;
				CLANG_WARN_BOOL_CONVERSION = YES;
				CLANG_WARN_COMMA = YES;
				CLANG_WARN_CONSTANT_CONVERSION = YES;
				CLANG_WARN_DEPRECATED_OBJC_IMPLEMENTATIONS = YES;
				CLANG_WARN_DIRECT_OBJC_ISA_USAGE = YES_ERROR;
				CLANG_WARN_DOCUMENTATION_COMMENTS = YES;
				CLANG_WARN_EMPTY_BODY = YES;
				CLANG_WARN_ENUM_CONVERSION = YES;
				CLANG_WARN_INFINITE_RECURSION = YES;
				CLANG_WARN_INT_CONVERSION = YES;
				CLANG_WARN_NON_LITERAL_NULL_CONVERSION = YES;
				CLANG_WARN_OBJC_IMPLICIT_RETAIN_SELF = YES;
				CLANG_WARN_OBJC_LITERAL_CONVERSION = YES;
				CLANG_WARN_OBJC_ROOT_CLASS = YES_ERROR;
				CLANG_WARN_QUOTED_INCLUDE_IN_FRAMEWORK_HEADER = YES;
				CLANG_WARN_RANGE_LOOP_ANALYSIS = YES;
				CLANG_WARN_STRICT_PROTOTYPES = YES;
				CLANG_WARN_SUSPICIOUS_MOVE = YES;
				CLANG_WARN_UNGUARDED_AVAILABILITY = YES_AGGRESSIVE;
				CLANG_WARN_UNREACHABLE_CODE = YES;
				CLANG_WARN__DUPLICATE_METHOD_MATCH = YES;
				COPY_PHASE_STRIP = NO;
				DEBUG_INFORMATION_FORMAT = "dwarf-with-dsym";
				ENABLE_NS_ASSERTIONS = NO;
				ENABLE_STRICT_OBJC_MSGSEND = YES;
				GCC_C_LANGUAGE_STANDARD = gnu11;
				GCC_NO_COMMON_BLOCKS = YES;
				GCC_WARN_64_TO_32_BIT_CONVERSION = YES;
				GCC_WARN_ABOUT_RETURN_TYPE = YES_ERROR;
				GCC_WARN_UNDECLARED_SELECTOR = YES;
				GCC_WARN_UNINITIALIZED_AUTOS = YES_AGGRESSIVE;
				GCC_WARN_UNUSED_FUNCTION = YES;
				GCC_WARN_UNUSED_VARIABLE = YES;
				IPHONEOS_DEPLOYMENT_TARGET = 13.0;
				MTL_ENABLE_DEBUG_INFO = NO;
				MTL_FAST_MATH = YES;
				SDKROOT = iphoneos;
				SWIFT_COMPILATION_MODE = wholemodule;
				SWIFT_OPTIMIZATION_LEVEL = "-O";
				VALIDATE_PRODUCT = YES;
			};
			name = Release;
		};
		952A78E4285DC53500F4E57A /* Debug */ = {
			isa = XCBuildConfiguration;
			baseConfigurationReference = 98B5C02886DFF657D5B0F3A6 /* Pods-GitHubSearch.debug.xcconfig */;
			buildSettings = {
				ASSETCATALOG_COMPILER_APPICON_NAME = AppIcon;
				ASSETCATALOG_COMPILER_GLOBAL_ACCENT_COLOR_NAME = AccentColor;
				CODE_SIGN_STYLE = Automatic;
				CURRENT_PROJECT_VERSION = 1;
				DEVELOPMENT_TEAM = "";
				GENERATE_INFOPLIST_FILE = YES;
				INFOPLIST_FILE = GitHubSearch/Info.plist;
				INFOPLIST_KEY_CFBundleDisplayName = Repositories;
				INFOPLIST_KEY_UIApplicationSupportsIndirectInputEvents = YES;
				INFOPLIST_KEY_UILaunchStoryboardName = LaunchScreen;
				INFOPLIST_KEY_UISupportedInterfaceOrientations = UIInterfaceOrientationPortrait;
				INFOPLIST_KEY_UISupportedInterfaceOrientations_iPad = "UIInterfaceOrientationPortrait UIInterfaceOrientationPortraitUpsideDown UIInterfaceOrientationLandscapeLeft UIInterfaceOrientationLandscapeRight";
				INFOPLIST_KEY_UISupportedInterfaceOrientations_iPhone = "UIInterfaceOrientationPortrait UIInterfaceOrientationLandscapeLeft UIInterfaceOrientationLandscapeRight";
				INFOPLIST_KEY_UIUserInterfaceStyle = Light;
				IPHONEOS_DEPLOYMENT_TARGET = 13.0;
				LD_RUNPATH_SEARCH_PATHS = (
					"$(inherited)",
					"@executable_path/Frameworks",
				);
				MARKETING_VERSION = 1.0;
				PRODUCT_BUNDLE_IDENTIFIER = com.oguzhanvarsak.GitHubSearch;
				PRODUCT_NAME = "$(TARGET_NAME)";
				SWIFT_EMIT_LOC_STRINGS = YES;
				SWIFT_VERSION = 5.0;
				TARGETED_DEVICE_FAMILY = 1;
			};
			name = Debug;
		};
		952A78E5285DC53500F4E57A /* Release */ = {
			isa = XCBuildConfiguration;
			baseConfigurationReference = D9322ED071FA99BE3E5B9726 /* Pods-GitHubSearch.release.xcconfig */;
			buildSettings = {
				ASSETCATALOG_COMPILER_APPICON_NAME = AppIcon;
				ASSETCATALOG_COMPILER_GLOBAL_ACCENT_COLOR_NAME = AccentColor;
				CODE_SIGN_STYLE = Automatic;
				CURRENT_PROJECT_VERSION = 1;
				DEVELOPMENT_TEAM = "";
				GENERATE_INFOPLIST_FILE = YES;
				INFOPLIST_FILE = GitHubSearch/Info.plist;
				INFOPLIST_KEY_CFBundleDisplayName = Repositories;
				INFOPLIST_KEY_UIApplicationSupportsIndirectInputEvents = YES;
				INFOPLIST_KEY_UILaunchStoryboardName = LaunchScreen;
				INFOPLIST_KEY_UISupportedInterfaceOrientations = UIInterfaceOrientationPortrait;
				INFOPLIST_KEY_UISupportedInterfaceOrientations_iPad = "UIInterfaceOrientationPortrait UIInterfaceOrientationPortraitUpsideDown UIInterfaceOrientationLandscapeLeft UIInterfaceOrientationLandscapeRight";
				INFOPLIST_KEY_UISupportedInterfaceOrientations_iPhone = "UIInterfaceOrientationPortrait UIInterfaceOrientationLandscapeLeft UIInterfaceOrientationLandscapeRight";
				INFOPLIST_KEY_UIUserInterfaceStyle = Light;
				IPHONEOS_DEPLOYMENT_TARGET = 13.0;
				LD_RUNPATH_SEARCH_PATHS = (
					"$(inherited)",
					"@executable_path/Frameworks",
				);
				MARKETING_VERSION = 1.0;
				PRODUCT_BUNDLE_IDENTIFIER = com.oguzhanvarsak.GitHubSearch;
				PRODUCT_NAME = "$(TARGET_NAME)";
				SWIFT_EMIT_LOC_STRINGS = YES;
				SWIFT_VERSION = 5.0;
				TARGETED_DEVICE_FAMILY = 1;
			};
			name = Release;
		};
/* End XCBuildConfiguration section */

/* Begin XCConfigurationList section */
		952A78CA285DC53300F4E57A /* Build configuration list for PBXProject "GitHubSearch" */ = {
			isa = XCConfigurationList;
			buildConfigurations = (
				952A78E1285DC53500F4E57A /* Debug */,
				952A78E2285DC53500F4E57A /* Release */,
			);
			defaultConfigurationIsVisible = 0;
			defaultConfigurationName = Release;
		};
		952A78E3285DC53500F4E57A /* Build configuration list for PBXNativeTarget "GitHubSearch" */ = {
			isa = XCConfigurationList;
			buildConfigurations = (
				952A78E4285DC53500F4E57A /* Debug */,
				952A78E5285DC53500F4E57A /* Release */,
			);
			defaultConfigurationIsVisible = 0;
			defaultConfigurationName = Release;
		};
/* End XCConfigurationList section */
	};
	rootObject = 952A78C7285DC53300F4E57A /* Project object */;
}
